
Microsoft Visual Studio Solution File, Format Version 12.00
# Visual Studio Version 17
VisualStudioVersion = 17.6.33723.286
MinimumVisualStudioVersion = 10.0.40219.1
Project("{9A19103F-16F7-4668-BE54-9A1E7A4F7556}") = "LlamaCpp.Net", "src\LlamaCpp.Net\LlamaCpp.Net.csproj", "{B50DC593-5C5F-4000-9F73-A98420158E75}"
EndProject
Project("{2150E333-8FDC-42A3-9474-1A3956D46DE8}") = "Github", "Github", "{11E7090F-26FE-4CE2-841E-BEA7CDBEAF48}"
EndProject
Project("{2150E333-8FDC-42A3-9474-1A3956D46DE8}") = "Libraries", "Libraries", "{CF55FDE6-7C12-49D9-87A8-FD3429A923BB}"
EndProject
Project("{2150E333-8FDC-42A3-9474-1A3956D46DE8}") = "Tests", "Tests", "{41E88449-8687-45F0-962E-3CAAE63F9F26}"
EndProject
Project("{2150E333-8FDC-42A3-9474-1A3956D46DE8}") = "Build", "Build", "{B52CB79E-C6BB-49A1-BB97-9C600BDF50A6}"
EndProject
Project("{9A19103F-16F7-4668-BE54-9A1E7A4F7556}") = "LlamaCpp.Net.Build", "src\LlamaCpp.Net.Build\LlamaCpp.Net.Build.csproj", "{D1D30BD2-E338-479F-A0C4-1A8E3EDBB902}"
EndProject
Project("{2150E333-8FDC-42A3-9474-1A3956D46DE8}") = "Solution Items", "Solution Items", "{934C2D24-10FB-40AA-BFE9-E8B4ED0651C7}"
	ProjectSection(SolutionItems) = preProject
		.editorconfig = .editorconfig
		src\Directory.Build.props = src\Directory.Build.props
		docs\index.md = docs\index.md
	EndProjectSection
EndProject
Project("{2150E333-8FDC-42A3-9474-1A3956D46DE8}") = "Examples", "Examples", "{08BDD104-1D27-4C15-A24D-72B392BDA472}"
EndProject
Project("{9A19103F-16F7-4668-BE54-9A1E7A4F7556}") = "LlamaCpp.Net.Examples.ConsoleChat", "examples\LlamaCpp.Net.Examples.ConsoleChat\LlamaCpp.Net.Examples.ConsoleChat.csproj", "{12092785-9EA1-40CA-B672-E60A29B65021}"
EndProject
Project("{9A19103F-16F7-4668-BE54-9A1E7A4F7556}") = "LlamaCpp.Net.Benchmarks", "src\LlamaCpp.Net.Benchmarks\LlamaCpp.Net.Benchmarks.csproj", "{80D90F6A-A983-40E9-A2E6-ABE8CAA592F4}"
EndProject
Project("{9A19103F-16F7-4668-BE54-9A1E7A4F7556}") = "LlamaCpp.Net.Tests", "src\LlamaCpp.Net.Tests\LlamaCpp.Net.Tests.csproj", "{13F9C11F-30EF-427F-BA3A-9362E3E281CC}"
EndProject
Project("{9A19103F-16F7-4668-BE54-9A1E7A4F7556}") = "LlamaCpp.Net.Examples.WebApi", "Examples\LlamaCpp.Net.Examples.WebApi\LlamaCpp.Net.Examples.WebApi.csproj", "{31E8C7CB-ECAC-4503-8C2D-2D37F0BA45F7}"
EndProject
Project("{2150E333-8FDC-42A3-9474-1A3956D46DE8}") = "LlamaKit", "LlamaKit", "{4C7B1262-AFB1-48F7-A3F8-7DC8C0D0455D}"
EndProject
Project("{9A19103F-16F7-4668-BE54-9A1E7A4F7556}") = "LlamaKit.DesktopApplication", "src\LlamaKit.DesktopApplication\LlamaKit.DesktopApplication.csproj", "{CE62D42B-6C21-49DC-A163-58CFFD738070}"
EndProject
Project("{9A19103F-16F7-4668-BE54-9A1E7A4F7556}") = "LlamaKit", "src\LlamaKit\LlamaKit.csproj", "{98752BAE-439A-4934-A6E4-6801A5FB65A1}"
EndProject
Project("{9A19103F-16F7-4668-BE54-9A1E7A4F7556}") = "LlamaKit.ConsoleApplication", "src\LlamaKit.ConsoleApplication\LlamaKit.ConsoleApplication.csproj", "{0EF27A4A-A910-4A8E-B420-F7EF92A4D1C3}"
EndProject
Project("{FAE04EC0-301F-11D3-BF4B-00C04F79EFBC}") = "LlamaKit.Tests", "LlamaKit.Tests\LlamaKit.Tests.csproj", "{9D7BB12C-5874-4F7B-A195-182D768E3114}"
EndProject
Global
	GlobalSection(SolutionConfigurationPlatforms) = preSolution
		Debug|Any CPU = Debug|Any CPU
		Release|Any CPU = Release|Any CPU
	EndGlobalSection
	GlobalSection(ProjectConfigurationPlatforms) = postSolution
		{B50DC593-5C5F-4000-9F73-A98420158E75}.Debug|Any CPU.ActiveCfg = Debug|Any CPU
		{B50DC593-5C5F-4000-9F73-A98420158E75}.Debug|Any CPU.Build.0 = Debug|Any CPU
		{B50DC593-5C5F-4000-9F73-A98420158E75}.Release|Any CPU.ActiveCfg = Release|Any CPU
		{B50DC593-5C5F-4000-9F73-A98420158E75}.Release|Any CPU.Build.0 = Release|Any CPU
		{D1D30BD2-E338-479F-A0C4-1A8E3EDBB902}.Debug|Any CPU.ActiveCfg = Debug|Any CPU
		{D1D30BD2-E338-479F-A0C4-1A8E3EDBB902}.Debug|Any CPU.Build.0 = Debug|Any CPU
		{D1D30BD2-E338-479F-A0C4-1A8E3EDBB902}.Release|Any CPU.ActiveCfg = Release|Any CPU
		{D1D30BD2-E338-479F-A0C4-1A8E3EDBB902}.Release|Any CPU.Build.0 = Release|Any CPU
		{12092785-9EA1-40CA-B672-E60A29B65021}.Debug|Any CPU.ActiveCfg = Debug|Any CPU
		{12092785-9EA1-40CA-B672-E60A29B65021}.Debug|Any CPU.Build.0 = Debug|Any CPU
		{12092785-9EA1-40CA-B672-E60A29B65021}.Release|Any CPU.ActiveCfg = Release|Any CPU
		{12092785-9EA1-40CA-B672-E60A29B65021}.Release|Any CPU.Build.0 = Release|Any CPU
		{80D90F6A-A983-40E9-A2E6-ABE8CAA592F4}.Debug|Any CPU.ActiveCfg = Debug|Any CPU
		{80D90F6A-A983-40E9-A2E6-ABE8CAA592F4}.Debug|Any CPU.Build.0 = Debug|Any CPU
		{80D90F6A-A983-40E9-A2E6-ABE8CAA592F4}.Release|Any CPU.ActiveCfg = Release|Any CPU
		{80D90F6A-A983-40E9-A2E6-ABE8CAA592F4}.Release|Any CPU.Build.0 = Release|Any CPU
		{13F9C11F-30EF-427F-BA3A-9362E3E281CC}.Debug|Any CPU.ActiveCfg = Debug|Any CPU
		{13F9C11F-30EF-427F-BA3A-9362E3E281CC}.Debug|Any CPU.Build.0 = Debug|Any CPU
		{13F9C11F-30EF-427F-BA3A-9362E3E281CC}.Release|Any CPU.ActiveCfg = Release|Any CPU
		{13F9C11F-30EF-427F-BA3A-9362E3E281CC}.Release|Any CPU.Build.0 = Release|Any CPU
		{31E8C7CB-ECAC-4503-8C2D-2D37F0BA45F7}.Debug|Any CPU.ActiveCfg = Debug|Any CPU
		{31E8C7CB-ECAC-4503-8C2D-2D37F0BA45F7}.Debug|Any CPU.Build.0 = Debug|Any CPU
		{31E8C7CB-ECAC-4503-8C2D-2D37F0BA45F7}.Release|Any CPU.ActiveCfg = Release|Any CPU
		{31E8C7CB-ECAC-4503-8C2D-2D37F0BA45F7}.Release|Any CPU.Build.0 = Release|Any CPU
		{CE62D42B-6C21-49DC-A163-58CFFD738070}.Debug|Any CPU.ActiveCfg = Debug|Any CPU
		{CE62D42B-6C21-49DC-A163-58CFFD738070}.Debug|Any CPU.Build.0 = Debug|Any CPU
		{CE62D42B-6C21-49DC-A163-58CFFD738070}.Release|Any CPU.ActiveCfg = Release|Any CPU
		{CE62D42B-6C21-49DC-A163-58CFFD738070}.Release|Any CPU.Build.0 = Release|Any CPU
		{98752BAE-439A-4934-A6E4-6801A5FB65A1}.Debug|Any CPU.ActiveCfg = Debug|Any CPU
		{98752BAE-439A-4934-A6E4-6801A5FB65A1}.Debug|Any CPU.Build.0 = Debug|Any CPU
		{98752BAE-439A-4934-A6E4-6801A5FB65A1}.Release|Any CPU.ActiveCfg = Release|Any CPU
		{98752BAE-439A-4934-A6E4-6801A5FB65A1}.Release|Any CPU.Build.0 = Release|Any CPU
		{0EF27A4A-A910-4A8E-B420-F7EF92A4D1C3}.Debug|Any CPU.ActiveCfg = Debug|Any CPU
		{0EF27A4A-A910-4A8E-B420-F7EF92A4D1C3}.Debug|Any CPU.Build.0 = Debug|Any CPU
		{0EF27A4A-A910-4A8E-B420-F7EF92A4D1C3}.Release|Any CPU.ActiveCfg = Release|Any CPU
		{0EF27A4A-A910-4A8E-B420-F7EF92A4D1C3}.Release|Any CPU.Build.0 = Release|Any CPU
		{9D7BB12C-5874-4F7B-A195-182D768E3114}.Debug|Any CPU.ActiveCfg = Debug|Any CPU
		{9D7BB12C-5874-4F7B-A195-182D768E3114}.Debug|Any CPU.Build.0 = Debug|Any CPU
		{9D7BB12C-5874-4F7B-A195-182D768E3114}.Release|Any CPU.ActiveCfg = Release|Any CPU
		{9D7BB12C-5874-4F7B-A195-182D768E3114}.Release|Any CPU.Build.0 = Release|Any CPU
	EndGlobalSection
	GlobalSection(SolutionProperties) = preSolution
		HideSolutionNode = FALSE
	EndGlobalSection
	GlobalSection(NestedProjects) = preSolution
		{B50DC593-5C5F-4000-9F73-A98420158E75} = {CF55FDE6-7C12-49D9-87A8-FD3429A923BB}
		{D1D30BD2-E338-479F-A0C4-1A8E3EDBB902} = {B52CB79E-C6BB-49A1-BB97-9C600BDF50A6}
		{12092785-9EA1-40CA-B672-E60A29B65021} = {08BDD104-1D27-4C15-A24D-72B392BDA472}
		{80D90F6A-A983-40E9-A2E6-ABE8CAA592F4} = {41E88449-8687-45F0-962E-3CAAE63F9F26}
		{13F9C11F-30EF-427F-BA3A-9362E3E281CC} = {41E88449-8687-45F0-962E-3CAAE63F9F26}
		{31E8C7CB-ECAC-4503-8C2D-2D37F0BA45F7} = {08BDD104-1D27-4C15-A24D-72B392BDA472}
		{CE62D42B-6C21-49DC-A163-58CFFD738070} = {4C7B1262-AFB1-48F7-A3F8-7DC8C0D0455D}
		{98752BAE-439A-4934-A6E4-6801A5FB65A1} = {4C7B1262-AFB1-48F7-A3F8-7DC8C0D0455D}
		{0EF27A4A-A910-4A8E-B420-F7EF92A4D1C3} = {4C7B1262-AFB1-48F7-A3F8-7DC8C0D0455D}
		{9D7BB12C-5874-4F7B-A195-182D768E3114} = {4C7B1262-AFB1-48F7-A3F8-7DC8C0D0455D}
	EndGlobalSection
	GlobalSection(ExtensibilityGlobals) = postSolution
		SolutionGuid = {98439AAA-311B-4475-89C2-8D6C2652B8B2}
	EndGlobalSection
EndGlobal
